
Microsoft Visual Studio Solution File, Format Version 12.00
# Visual Studio Version 17
VisualStudioVersion = 17.11.35222.181
MinimumVisualStudioVersion = 10.0.40219.1
Project("{2150E333-8FDC-42A3-9474-1A3956D46DE8}") = "Backend", "Backend", "{7433C35F-F733-471D-82A4-2423B33B2797}"
EndProject
Project("{2150E333-8FDC-42A3-9474-1A3956D46DE8}") = "UI", "UI", "{1A15A45A-79E9-4914-AA59-6248E38C8C84}"
EndProject
Project("{2150E333-8FDC-42A3-9474-1A3956D46DE8}") = "UnitTest", "UnitTest", "{E2241ED5-C1EE-4A90-926B-FB6F6F10DF0F}"
EndProject
Project("{FAE04EC0-301F-11D3-BF4B-00C04F79EFBC}") = "ePizzaHub.UI", "ePizzaHub.UI\ePizzaHub.UI.csproj", "{601E3DFC-A513-4379-AB0D-75606C8397F8}"
EndProject
Project("{2150E333-8FDC-42A3-9474-1A3956D46DE8}") = "API", "API", "{07F01C27-5958-413C-A995-9EBD886297AB}"
EndProject
Project("{2150E333-8FDC-42A3-9474-1A3956D46DE8}") = "Core", "Core", "{5C5F3668-B245-4EBF-8DD0-325DF4E7B9B9}"
EndProject
Project("{2150E333-8FDC-42A3-9474-1A3956D46DE8}") = "Infrastructure", "Infrastructure", "{9DF02F95-5001-44EC-98FF-FB982D0AA6FA}"
EndProject
Project("{FAE04EC0-301F-11D3-BF4B-00C04F79EFBC}") = "ePizzaHub.API", "ePizzaHub.API\ePizzaHub.API.csproj", "{0E23D443-5067-42CD-BA13-3FA5A32F10EF}"
EndProject
Project("{FAE04EC0-301F-11D3-BF4B-00C04F79EFBC}") = "ePizzaHub.Infrastructure", "ePizzaHub.Infrastructure\ePizzaHub.Infrastructure.csproj", "{6819099E-61F4-430C-9504-887DD42D1C46}"
EndProject
Project("{FAE04EC0-301F-11D3-BF4B-00C04F79EFBC}") = "ePizzaHub.Core", "ePizzaHub.Core\ePizzaHub.Core.csproj", "{C241F846-F407-4E4E-8DD5-E57AE9F690DE}"
EndProject
Global
	GlobalSection(SolutionConfigurationPlatforms) = preSolution
		Debug|Any CPU = Debug|Any CPU
		Release|Any CPU = Release|Any CPU
	EndGlobalSection
	GlobalSection(ProjectConfigurationPlatforms) = postSolution
		{601E3DFC-A513-4379-AB0D-75606C8397F8}.Debug|Any CPU.ActiveCfg = Debug|Any CPU
		{601E3DFC-A513-4379-AB0D-75606C8397F8}.Debug|Any CPU.Build.0 = Debug|Any CPU
		{601E3DFC-A513-4379-AB0D-75606C8397F8}.Release|Any CPU.ActiveCfg = Release|Any CPU
		{601E3DFC-A513-4379-AB0D-75606C8397F8}.Release|Any CPU.Build.0 = Release|Any CPU
		{0E23D443-5067-42CD-BA13-3FA5A32F10EF}.Debug|Any CPU.ActiveCfg = Debug|Any CPU
		{0E23D443-5067-42CD-BA13-3FA5A32F10EF}.Debug|Any CPU.Build.0 = Debug|Any CPU
		{0E23D443-5067-42CD-BA13-3FA5A32F10EF}.Release|Any CPU.ActiveCfg = Release|Any CPU
		{0E23D443-5067-42CD-BA13-3FA5A32F10EF}.Release|Any CPU.Build.0 = Release|Any CPU
		{6819099E-61F4-430C-9504-887DD42D1C46}.Debug|Any CPU.ActiveCfg = Debug|Any CPU
		{6819099E-61F4-430C-9504-887DD42D1C46}.Debug|Any CPU.Build.0 = Debug|Any CPU
		{6819099E-61F4-430C-9504-887DD42D1C46}.Release|Any CPU.ActiveCfg = Release|Any CPU
		{6819099E-61F4-430C-9504-887DD42D1C46}.Release|Any CPU.Build.0 = Release|Any CPU
		{C241F846-F407-4E4E-8DD5-E57AE9F690DE}.Debug|Any CPU.ActiveCfg = Debug|Any CPU
		{C241F846-F407-4E4E-8DD5-E57AE9F690DE}.Debug|Any CPU.Build.0 = Debug|Any CPU
		{C241F846-F407-4E4E-8DD5-E57AE9F690DE}.Release|Any CPU.ActiveCfg = Release|Any CPU
		{C241F846-F407-4E4E-8DD5-E57AE9F690DE}.Release|Any CPU.Build.0 = Release|Any CPU
	EndGlobalSection
	GlobalSection(SolutionProperties) = preSolution
		HideSolutionNode = FALSE
	EndGlobalSection
	GlobalSection(NestedProjects) = preSolution
		{601E3DFC-A513-4379-AB0D-75606C8397F8} = {1A15A45A-79E9-4914-AA59-6248E38C8C84}
		{07F01C27-5958-413C-A995-9EBD886297AB} = {7433C35F-F733-471D-82A4-2423B33B2797}
		{5C5F3668-B245-4EBF-8DD0-325DF4E7B9B9} = {7433C35F-F733-471D-82A4-2423B33B2797}
		{9DF02F95-5001-44EC-98FF-FB982D0AA6FA} = {7433C35F-F733-471D-82A4-2423B33B2797}
		{0E23D443-5067-42CD-BA13-3FA5A32F10EF} = {07F01C27-5958-413C-A995-9EBD886297AB}
		{6819099E-61F4-430C-9504-887DD42D1C46} = {9DF02F95-5001-44EC-98FF-FB982D0AA6FA}
		{C241F846-F407-4E4E-8DD5-E57AE9F690DE} = {5C5F3668-B245-4EBF-8DD0-325DF4E7B9B9}
	EndGlobalSection
	GlobalSection(ExtensibilityGlobals) = postSolution
		SolutionGuid = {A18168ED-168A-4DC6-A1E3-5106A32216F2}
	EndGlobalSection
EndGlobal
